
Microsoft Visual Studio Solution File, Format Version 12.00
# Visual Studio Version 17
VisualStudioVersion = 17.2.32630.192
MinimumVisualStudioVersion = 10.0.40219.1
Project("{FAE04EC0-301F-11D3-BF4B-00C04F79EFBC}") = "TestClouds", "TestClouds.csproj", "{1B68D8EF-33C8-4953-8AC3-FD5AB6DAF232}"
EndProject
Global
	GlobalSection(SolutionConfigurationPlatforms) = preSolution
		Debug|Any CPU = Debug|Any CPU
		Release|Any CPU = Release|Any CPU
	EndGlobalSection
	GlobalSection(ProjectConfigurationPlatforms) = postSolution
		{1B68D8EF-33C8-4953-8AC3-FD5AB6DAF232}.Debug|Any CPU.ActiveCfg = Debug|Any CPU
		{1B68D8EF-33C8-4953-8AC3-FD5AB6DAF232}.Debug|Any CPU.Build.0 = Debug|Any CPU
		{1B68D8EF-33C8-4953-8AC3-FD5AB6DAF232}.Release|Any CPU.ActiveCfg = Release|Any CPU
		{1B68D8EF-33C8-4953-8AC3-FD5AB6DAF232}.Release|Any CPU.Build.0 = Release|Any CPU
	EndGlobalSection
	GlobalSection(SolutionProperties) = preSolution
		HideSolutionNode = FALSE
	EndGlobalSection
	GlobalSection(ExtensibilityGlobals) = postSolution
		SolutionGuid = {24BBFB53-8A5E-45F1-B570-A75D5F0BC6AC}
	EndGlobalSection
EndGlobal
