
Microsoft Visual Studio Solution File, Format Version 12.00
# Visual Studio Version 17
VisualStudioVersion = 17.2.32630.192
MinimumVisualStudioVersion = 10.0.40219.1
Project("{FAE04EC0-301F-11D3-BF4B-00C04F79EFBC}") = "TableSort", "TableSort.csproj", "{2947B97A-A2ED-49E1-B432-FCE10D59607A}"
EndProject
Global
	GlobalSection(SolutionConfigurationPlatforms) = preSolution
		Debug|Any CPU = Debug|Any CPU
		Release|Any CPU = Release|Any CPU
	EndGlobalSection
	GlobalSection(ProjectConfigurationPlatforms) = postSolution
		{2947B97A-A2ED-49E1-B432-FCE10D59607A}.Debug|Any CPU.ActiveCfg = Debug|Any CPU
		{2947B97A-A2ED-49E1-B432-FCE10D59607A}.Debug|Any CPU.Build.0 = Debug|Any CPU
		{2947B97A-A2ED-49E1-B432-FCE10D59607A}.Release|Any CPU.ActiveCfg = Release|Any CPU
		{2947B97A-A2ED-49E1-B432-FCE10D59607A}.Release|Any CPU.Build.0 = Release|Any CPU
	EndGlobalSection
	GlobalSection(SolutionProperties) = preSolution
		HideSolutionNode = FALSE
	EndGlobalSection
	GlobalSection(ExtensibilityGlobals) = postSolution
		SolutionGuid = {65E59B29-CA40-4BA7-AE39-4D54E65E26DE}
	EndGlobalSection
EndGlobal
