
Microsoft Visual Studio Solution File, Format Version 12.00
# Visual Studio Version 17
VisualStudioVersion = 17.2.32630.192
MinimumVisualStudioVersion = 10.0.40219.1
Project("{FAE04EC0-301F-11D3-BF4B-00C04F79EFBC}") = "WaitsForUser", "WaitsForUser.csproj", "{AB09618C-8021-476A-B847-E6C3DE1342B7}"
EndProject
Global
	GlobalSection(SolutionConfigurationPlatforms) = preSolution
		Debug|Any CPU = Debug|Any CPU
		Release|Any CPU = Release|Any CPU
	EndGlobalSection
	GlobalSection(ProjectConfigurationPlatforms) = postSolution
		{AB09618C-8021-476A-B847-E6C3DE1342B7}.Debug|Any CPU.ActiveCfg = Debug|Any CPU
		{AB09618C-8021-476A-B847-E6C3DE1342B7}.Debug|Any CPU.Build.0 = Debug|Any CPU
		{AB09618C-8021-476A-B847-E6C3DE1342B7}.Release|Any CPU.ActiveCfg = Release|Any CPU
		{AB09618C-8021-476A-B847-E6C3DE1342B7}.Release|Any CPU.Build.0 = Release|Any CPU
	EndGlobalSection
	GlobalSection(SolutionProperties) = preSolution
		HideSolutionNode = FALSE
	EndGlobalSection
	GlobalSection(ExtensibilityGlobals) = postSolution
		SolutionGuid = {D79B3CD3-7E54-4687-86D7-31C3E6004F08}
	EndGlobalSection
EndGlobal
