
Microsoft Visual Studio Solution File, Format Version 12.00
# Visual Studio Version 17
VisualStudioVersion = 17.2.32630.192
MinimumVisualStudioVersion = 10.0.40219.1
Project("{FAE04EC0-301F-11D3-BF4B-00C04F79EFBC}") = "TestParametrized", "TestParametrized.csproj", "{8E6BF246-72F3-410C-B96F-3F3CCB7609A2}"
EndProject
Global
	GlobalSection(SolutionConfigurationPlatforms) = preSolution
		Debug|Any CPU = Debug|Any CPU
		Release|Any CPU = Release|Any CPU
	EndGlobalSection
	GlobalSection(ProjectConfigurationPlatforms) = postSolution
		{8E6BF246-72F3-410C-B96F-3F3CCB7609A2}.Debug|Any CPU.ActiveCfg = Debug|Any CPU
		{8E6BF246-72F3-410C-B96F-3F3CCB7609A2}.Debug|Any CPU.Build.0 = Debug|Any CPU
		{8E6BF246-72F3-410C-B96F-3F3CCB7609A2}.Release|Any CPU.ActiveCfg = Release|Any CPU
		{8E6BF246-72F3-410C-B96F-3F3CCB7609A2}.Release|Any CPU.Build.0 = Release|Any CPU
	EndGlobalSection
	GlobalSection(SolutionProperties) = preSolution
		HideSolutionNode = FALSE
	EndGlobalSection
	GlobalSection(ExtensibilityGlobals) = postSolution
		SolutionGuid = {A00D6691-3D5A-41A7-9FEA-912A5B6C0429}
	EndGlobalSection
EndGlobal
